// !$*UTF8*$!
{
	archiveVersion = 1;
	classes = {
	};
	objectVersion = 76;
	objects = {

/* Begin PBXBuildFile section */
		D1217E362E4897DC00B5B0FF /* SnapKit in Frameworks */ = {isa = PBXBuildFile; productRef = D1217E352E4897DC00B5B0FF /* SnapKit */; };
		D14D14302E40A7E700DAF31B /* KeychainSwift in Frameworks */ = {isa = PBXBuildFile; productRef = D14D142F2E40A7E700DAF31B /* KeychainSwift */; };
/* End PBXBuildFile section */

/* Begin PBXContainerItemProxy section */
		166F357F29C59F2200409CB6 /* PBXContainerItemProxy */ = {
			isa = PBXContainerItemProxy;
			containerPortal = 166F356029C59F2000409CB6 /* Project object */;
			proxyType = 1;
			remoteGlobalIDString = 166F356729C59F2000409CB6;
			remoteInfo = "Photo Library";
		};
		166F358929C59F2200409CB6 /* PBXContainerItemProxy */ = {
			isa = PBXContainerItemProxy;
			containerPortal = 166F356029C59F2000409CB6 /* Project object */;
			proxyType = 1;
			remoteGlobalIDString = 166F356729C59F2000409CB6;
			remoteInfo = "Photo Library";
		};
/* End PBXContainerItemProxy section */

/* Begin PBXFileReference section */
		166F356829C59F2000409CB6 /* Photo Library.app */ = {isa = PBXFileReference; explicitFileType = wrapper.application; includeInIndex = 0; path = "Photo Library.app"; sourceTree = BUILT_PRODUCTS_DIR; };
		166F357E29C59F2200409CB6 /* Photo LibraryTests.xctest */ = {isa = PBXFileReference; explicitFileType = wrapper.cfbundle; includeInIndex = 0; path = "Photo LibraryTests.xctest"; sourceTree = BUILT_PRODUCTS_DIR; };
		166F358829C59F2200409CB6 /* Photo LibraryUITests.xctest */ = {isa = PBXFileReference; explicitFileType = wrapper.cfbundle; includeInIndex = 0; path = "Photo LibraryUITests.xctest"; sourceTree = BUILT_PRODUCTS_DIR; };
/* End PBXFileReference section */

/* Begin PBXFileSystemSynchronizedBuildFileExceptionSet section */
		D1217F662E489E6F00B5B0FF /* PBXFileSystemSynchronizedBuildFileExceptionSet */ = {
			isa = PBXFileSystemSynchronizedBuildFileExceptionSet;
			membershipExceptions = (
				/Localized/App/LaunchScreen.storyboard,
				App/AppCoordinator.swift,
				App/AppDelegate.swift,
				App/Assets.xcassets,
				App/Fonts.swift,
				App/Layout.swift,
				App/SceneDelegate.swift,
				Classes/Images.swift,
				"Extensions/AddPhotoViewController + extensions.swift",
				"Extensions/CollectionViewController + extensions.swift",
				"Extensions/ImageScrollViewController + extensions .swift",
				"Extensions/UIViewController+Alert.swift",
				"Extensions/UserDefaults + extensions.swift",
				"Modules/1-Start/Coordinator/StartCoordinator.swift",
				"Modules/1-Start/Model/StartStrings.swift",
				"Modules/1-Start/Protocols/StartViewModelType.swift",
				"Modules/1-Start/View/StartViewController.swift",
				"Modules/1-Start/ViewModel/StartViewModel.swift",
				"Modules/2-SignUp/Coordinator/SignUpCoordinator.swift",
				"Modules/2-SignUp/Model/SignUpStrings.swift",
				"Modules/2-SignUp/Protocols/SignUpViewModelProtocol.swift",
				"Modules/2-SignUp/View/SignUpViewController.swift",
				"Modules/2-SignUp/ViewModel/SignUpViewModel.swift",
				"Modules/3-LogIn/Coordinator/LoginCoordinator.swift",
				"Modules/3-LogIn/Model/LoginStrings.swift",
				"Modules/3-LogIn/Protocols/LoginViewModelProtocol.swift",
				"Modules/3-LogIn/View/LoginViewController.swift",
				"Modules/3-LogIn/ViewModel/LoginViewModel.swift",
				"Modules/4-CollectionView/Coordinator/CollectionViewCoordinator.swift",
				"Modules/4-CollectionView/View/CollectionViewCell.swift",
				"Modules/4-CollectionView/View/CollectionViewController.swift",
				"Modules/4-CollectionView/ViewModel/CollectionViewModel.swift",
				"Modules/5-AddPhoto/View/AddPhotoViewController.swift",
				"Modules/5-AddPhoto/ViewModel/AddPhotoViewModel.swift",
				"Modules/6-ImageScroll/View/ImageScrollViewController.swift",
				"Modules/6-ImageScroll/ViewModel/ImageScrollViewModel.swift",
				Protocols/CoordinatorProtocol.swift,
				Protocols/KeychainServiceProtocol.swift,
				Services/KeychainService.swift,
				Singleton/Manager.swift,
				UIElements/ButtonsStackView.swift,
				UIElements/PasswordStackView.swift,
			);
			target = 166F356729C59F2000409CB6 /* Photo Library */;
		};
/* End PBXFileSystemSynchronizedBuildFileExceptionSet section */

/* Begin PBXFileSystemSynchronizedRootGroup section */
		D1217F502E489E6F00B5B0FF /* Photo Library */ = {isa = PBXFileSystemSynchronizedRootGroup; exceptions = (D1217F662E489E6F00B5B0FF /* PBXFileSystemSynchronizedBuildFileExceptionSet */, ); explicitFileTypes = {}; explicitFolders = (); path = "Photo Library"; sourceTree = "<group>"; };
/* End PBXFileSystemSynchronizedRootGroup section */

/* Begin PBXFrameworksBuildPhase section */
		166F356529C59F2000409CB6 /* Frameworks */ = {
			isa = PBXFrameworksBuildPhase;
			buildActionMask = 2147483647;
			files = (
				D14D14302E40A7E700DAF31B /* KeychainSwift in Frameworks */,
				D1217E362E4897DC00B5B0FF /* SnapKit in Frameworks */,
			);
			runOnlyForDeploymentPostprocessing = 0;
		};
		166F357B29C59F2200409CB6 /* Frameworks */ = {
			isa = PBXFrameworksBuildPhase;
			buildActionMask = 2147483647;
			files = (
			);
			runOnlyForDeploymentPostprocessing = 0;
		};
		166F358529C59F2200409CB6 /* Frameworks */ = {
			isa = PBXFrameworksBuildPhase;
			buildActionMask = 2147483647;
			files = (
			);
			runOnlyForDeploymentPostprocessing = 0;
		};
/* End PBXFrameworksBuildPhase section */

/* Begin PBXGroup section */
		166F355F29C59F2000409CB6 = {
			isa = PBXGroup;
			children = (
				166F356929C59F2000409CB6 /* Products */,
				D1217F502E489E6F00B5B0FF /* Photo Library */,
			);
			sourceTree = "<group>";
		};
		166F356929C59F2000409CB6 /* Products */ = {
			isa = PBXGroup;
			children = (
				166F356829C59F2000409CB6 /* Photo Library.app */,
				166F357E29C59F2200409CB6 /* Photo LibraryTests.xctest */,
				166F358829C59F2200409CB6 /* Photo LibraryUITests.xctest */,
			);
			name = Products;
			sourceTree = "<group>";
		};
/* End PBXGroup section */

/* Begin PBXNativeTarget section */
		166F356729C59F2000409CB6 /* Photo Library */ = {
			isa = PBXNativeTarget;
			buildConfigurationList = 166F359229C59F2200409CB6 /* Build configuration list for PBXNativeTarget "Photo Library" */;
			buildPhases = (
				166F356429C59F2000409CB6 /* Sources */,
				166F356529C59F2000409CB6 /* Frameworks */,
				166F356629C59F2000409CB6 /* Resources */,
			);
			buildRules = (
			);
			dependencies = (
			);
			name = "Photo Library";
			productName = "Photo Library";
			productReference = 166F356829C59F2000409CB6 /* Photo Library.app */;
			productType = "com.apple.product-type.application";
		};
		166F357D29C59F2200409CB6 /* Photo LibraryTests */ = {
			isa = PBXNativeTarget;
			buildConfigurationList = 166F359529C59F2200409CB6 /* Build configuration list for PBXNativeTarget "Photo LibraryTests" */;
			buildPhases = (
				166F357A29C59F2200409CB6 /* Sources */,
				166F357B29C59F2200409CB6 /* Frameworks */,
				166F357C29C59F2200409CB6 /* Resources */,
			);
			buildRules = (
			);
			dependencies = (
				166F358029C59F2200409CB6 /* PBXTargetDependency */,
			);
			name = "Photo LibraryTests";
			productName = "Photo LibraryTests";
			productReference = 166F357E29C59F2200409CB6 /* Photo LibraryTests.xctest */;
			productType = "com.apple.product-type.bundle.unit-test";
		};
		166F358729C59F2200409CB6 /* Photo LibraryUITests */ = {
			isa = PBXNativeTarget;
			buildConfigurationList = 166F359829C59F2200409CB6 /* Build configuration list for PBXNativeTarget "Photo LibraryUITests" */;
			buildPhases = (
				166F358429C59F2200409CB6 /* Sources */,
				166F358529C59F2200409CB6 /* Frameworks */,
				166F358629C59F2200409CB6 /* Resources */,
			);
			buildRules = (
			);
			dependencies = (
				166F358A29C59F2200409CB6 /* PBXTargetDependency */,
			);
			name = "Photo LibraryUITests";
			productName = "Photo LibraryUITests";
			productReference = 166F358829C59F2200409CB6 /* Photo LibraryUITests.xctest */;
			productType = "com.apple.product-type.bundle.ui-testing";
		};
/* End PBXNativeTarget section */

/* Begin PBXProject section */
		166F356029C59F2000409CB6 /* Project object */ = {
			isa = PBXProject;
			attributes = {
				BuildIndependentTargetsInParallel = 1;
				LastSwiftUpdateCheck = 1420;
				LastUpgradeCheck = 1630;
				TargetAttributes = {
					166F356729C59F2000409CB6 = {
						CreatedOnToolsVersion = 14.2;
					};
					166F357D29C59F2200409CB6 = {
						CreatedOnToolsVersion = 14.2;
						TestTargetID = 166F356729C59F2000409CB6;
					};
					166F358729C59F2200409CB6 = {
						CreatedOnToolsVersion = 14.2;
						TestTargetID = 166F356729C59F2000409CB6;
					};
				};
			};
			buildConfigurationList = 166F356329C59F2000409CB6 /* Build configuration list for PBXProject "Photo Library" */;
			developmentRegion = en;
			hasScannedForEncodings = 0;
			knownRegions = (
				en,
				Base,
			);
			mainGroup = 166F355F29C59F2000409CB6;
			packageReferences = (
				D14D142E2E40A7E700DAF31B /* XCRemoteSwiftPackageReference "keychain-swift" */,
				D1217E342E4897DC00B5B0FF /* XCRemoteSwiftPackageReference "SnapKit" */,
			);
			preferredProjectObjectVersion = 56;
			productRefGroup = 166F356929C59F2000409CB6 /* Products */;
			projectDirPath = "";
			projectRoot = "";
			targets = (
				166F356729C59F2000409CB6 /* Photo Library */,
				166F357D29C59F2200409CB6 /* Photo LibraryTests */,
				166F358729C59F2200409CB6 /* Photo LibraryUITests */,
			);
		};
/* End PBXProject section */

/* Begin PBXResourcesBuildPhase section */
		166F356629C59F2000409CB6 /* Resources */ = {
			isa = PBXResourcesBuildPhase;
			buildActionMask = 2147483647;
			files = (
			);
			runOnlyForDeploymentPostprocessing = 0;
		};
		166F357C29C59F2200409CB6 /* Resources */ = {
			isa = PBXResourcesBuildPhase;
			buildActionMask = 2147483647;
			files = (
			);
			runOnlyForDeploymentPostprocessing = 0;
		};
		166F358629C59F2200409CB6 /* Resources */ = {
			isa = PBXResourcesBuildPhase;
			buildActionMask = 2147483647;
			files = (
			);
			runOnlyForDeploymentPostprocessing = 0;
		};
/* End PBXResourcesBuildPhase section */

/* Begin PBXSourcesBuildPhase section */
		166F356429C59F2000409CB6 /* Sources */ = {
			isa = PBXSourcesBuildPhase;
			buildActionMask = 2147483647;
			files = (
			);
			runOnlyForDeploymentPostprocessing = 0;
		};
		166F357A29C59F2200409CB6 /* Sources */ = {
			isa = PBXSourcesBuildPhase;
			buildActionMask = 2147483647;
			files = (
			);
			runOnlyForDeploymentPostprocessing = 0;
		};
		166F358429C59F2200409CB6 /* Sources */ = {
			isa = PBXSourcesBuildPhase;
			buildActionMask = 2147483647;
			files = (
			);
			runOnlyForDeploymentPostprocessing = 0;
		};
/* End PBXSourcesBuildPhase section */

/* Begin PBXTargetDependency section */
		166F358029C59F2200409CB6 /* PBXTargetDependency */ = {
			isa = PBXTargetDependency;
			target = 166F356729C59F2000409CB6 /* Photo Library */;
			targetProxy = 166F357F29C59F2200409CB6 /* PBXContainerItemProxy */;
		};
		166F358A29C59F2200409CB6 /* PBXTargetDependency */ = {
			isa = PBXTargetDependency;
			target = 166F356729C59F2000409CB6 /* Photo Library */;
			targetProxy = 166F358929C59F2200409CB6 /* PBXContainerItemProxy */;
		};
/* End PBXTargetDependency section */

/* Begin XCBuildConfiguration section */
		166F359029C59F2200409CB6 /* Debug */ = {
			isa = XCBuildConfiguration;
			buildSettings = {
				ALWAYS_SEARCH_USER_PATHS = NO;
				CLANG_ANALYZER_NONNULL = YES;
				CLANG_ANALYZER_NUMBER_OBJECT_CONVERSION = YES_AGGRESSIVE;
				CLANG_CXX_LANGUAGE_STANDARD = "gnu++20";
				CLANG_ENABLE_MODULES = YES;
				CLANG_ENABLE_OBJC_ARC = YES;
				CLANG_ENABLE_OBJC_WEAK = YES;
				CLANG_WARN_BLOCK_CAPTURE_AUTORELEASING = YES;
				CLANG_WARN_BOOL_CONVERSION = YES;
				CLANG_WARN_COMMA = YES;
				CLANG_WARN_CONSTANT_CONVERSION = YES;
				CLANG_WARN_DEPRECATED_OBJC_IMPLEMENTATIONS = YES;
				CLANG_WARN_DIRECT_OBJC_ISA_USAGE = YES_ERROR;
				CLANG_WARN_DOCUMENTATION_COMMENTS = YES;
				CLANG_WARN_EMPTY_BODY = YES;
				CLANG_WARN_ENUM_CONVERSION = YES;
				CLANG_WARN_INFINITE_RECURSION = YES;
				CLANG_WARN_INT_CONVERSION = YES;
				CLANG_WARN_NON_LITERAL_NULL_CONVERSION = YES;
				CLANG_WARN_OBJC_IMPLICIT_RETAIN_SELF = YES;
				CLANG_WARN_OBJC_LITERAL_CONVERSION = YES;
				CLANG_WARN_OBJC_ROOT_CLASS = YES_ERROR;
				CLANG_WARN_QUOTED_INCLUDE_IN_FRAMEWORK_HEADER = YES;
				CLANG_WARN_RANGE_LOOP_ANALYSIS = YES;
				CLANG_WARN_STRICT_PROTOTYPES = YES;
				CLANG_WARN_SUSPICIOUS_MOVE = YES;
				CLANG_WARN_UNGUARDED_AVAILABILITY = YES_AGGRESSIVE;
				CLANG_WARN_UNREACHABLE_CODE = YES;
				CLANG_WARN__DUPLICATE_METHOD_MATCH = YES;
				COPY_PHASE_STRIP = NO;
				DEBUG_INFORMATION_FORMAT = dwarf;
				ENABLE_STRICT_OBJC_MSGSEND = YES;
				ENABLE_TESTABILITY = YES;
				ENABLE_USER_SCRIPT_SANDBOXING = YES;
				GCC_C_LANGUAGE_STANDARD = gnu11;
				GCC_DYNAMIC_NO_PIC = NO;
				GCC_NO_COMMON_BLOCKS = YES;
				GCC_OPTIMIZATION_LEVEL = 0;
				GCC_PREPROCESSOR_DEFINITIONS = (
					"DEBUG=1",
					"$(inherited)",
				);
				GCC_WARN_64_TO_32_BIT_CONVERSION = YES;
				GCC_WARN_ABOUT_RETURN_TYPE = YES_ERROR;
				GCC_WARN_UNDECLARED_SELECTOR = YES;
				GCC_WARN_UNINITIALIZED_AUTOS = YES_AGGRESSIVE;
				GCC_WARN_UNUSED_FUNCTION = YES;
				GCC_WARN_UNUSED_VARIABLE = YES;
				IPHONEOS_DEPLOYMENT_TARGET = 16.2;
				MTL_ENABLE_DEBUG_INFO = INCLUDE_SOURCE;
				MTL_FAST_MATH = YES;
				ONLY_ACTIVE_ARCH = YES;
				SDKROOT = iphoneos;
				SWIFT_ACTIVE_COMPILATION_CONDITIONS = DEBUG;
				SWIFT_OPTIMIZATION_LEVEL = "-Onone";
			};
			name = Debug;
		};
		166F359129C59F2200409CB6 /* Release */ = {
			isa = XCBuildConfiguration;
			buildSettings = {
				ALWAYS_SEARCH_USER_PATHS = NO;
				CLANG_ANALYZER_NONNULL = YES;
				CLANG_ANALYZER_NUMBER_OBJECT_CONVERSION = YES_AGGRESSIVE;
				CLANG_CXX_LANGUAGE_STANDARD = "gnu++20";
				CLANG_ENABLE_MODULES = YES;
				CLANG_ENABLE_OBJC_ARC = YES;
				CLANG_ENABLE_OBJC_WEAK = YES;
				CLANG_WARN_BLOCK_CAPTURE_AUTORELEASING = YES;
				CLANG_WARN_BOOL_CONVERSION = YES;
				CLANG_WARN_COMMA = YES;
				CLANG_WARN_CONSTANT_CONVERSION = YES;
				CLANG_WARN_DEPRECATED_OBJC_IMPLEMENTATIONS = YES;
				CLANG_WARN_DIRECT_OBJC_ISA_USAGE = YES_ERROR;
				CLANG_WARN_DOCUMENTATION_COMMENTS = YES;
				CLANG_WARN_EMPTY_BODY = YES;
				CLANG_WARN_ENUM_CONVERSION = YES;
				CLANG_WARN_INFINITE_RECURSION = YES;
				CLANG_WARN_INT_CONVERSION = YES;
				CLANG_WARN_NON_LITERAL_NULL_CONVERSION = YES;
				CLANG_WARN_OBJC_IMPLICIT_RETAIN_SELF = YES;
				CLANG_WARN_OBJC_LITERAL_CONVERSION = YES;
				CLANG_WARN_OBJC_ROOT_CLASS = YES_ERROR;
				CLANG_WARN_QUOTED_INCLUDE_IN_FRAMEWORK_HEADER = YES;
				CLANG_WARN_RANGE_LOOP_ANALYSIS = YES;
				CLANG_WARN_STRICT_PROTOTYPES = YES;
				CLANG_WARN_SUSPICIOUS_MOVE = YES;
				CLANG_WARN_UNGUARDED_AVAILABILITY = YES_AGGRESSIVE;
				CLANG_WARN_UNREACHABLE_CODE = YES;
				CLANG_WARN__DUPLICATE_METHOD_MATCH = YES;
				COPY_PHASE_STRIP = NO;
				DEBUG_INFORMATION_FORMAT = "dwarf-with-dsym";
				ENABLE_NS_ASSERTIONS = NO;
				ENABLE_STRICT_OBJC_MSGSEND = YES;
				ENABLE_USER_SCRIPT_SANDBOXING = YES;
				GCC_C_LANGUAGE_STANDARD = gnu11;
				GCC_NO_COMMON_BLOCKS = YES;
				GCC_WARN_64_TO_32_BIT_CONVERSION = YES;
				GCC_WARN_ABOUT_RETURN_TYPE = YES_ERROR;
				GCC_WARN_UNDECLARED_SELECTOR = YES;
				GCC_WARN_UNINITIALIZED_AUTOS = YES_AGGRESSIVE;
				GCC_WARN_UNUSED_FUNCTION = YES;
				GCC_WARN_UNUSED_VARIABLE = YES;
				IPHONEOS_DEPLOYMENT_TARGET = 16.2;
				MTL_ENABLE_DEBUG_INFO = NO;
				MTL_FAST_MATH = YES;
				SDKROOT = iphoneos;
				SWIFT_COMPILATION_MODE = wholemodule;
				SWIFT_OPTIMIZATION_LEVEL = "-O";
				VALIDATE_PRODUCT = YES;
			};
			name = Release;
		};
		166F359329C59F2200409CB6 /* Debug */ = {
			isa = XCBuildConfiguration;
			buildSettings = {
				ASSETCATALOG_COMPILER_APPICON_NAME = AppIcon;
				ASSETCATALOG_COMPILER_GLOBAL_ACCENT_COLOR_NAME = AccentColor;
				CODE_SIGN_STYLE = Automatic;
				CURRENT_PROJECT_VERSION = 1;
				DEVELOPMENT_TEAM = Z4A5Z3Q6BD;
				GENERATE_INFOPLIST_FILE = YES;
				INFOPLIST_FILE = "Photo Library/App/Info.plist";
				INFOPLIST_KEY_UIApplicationSupportsIndirectInputEvents = YES;
				INFOPLIST_KEY_UILaunchStoryboardName = LaunchScreen;
				INFOPLIST_KEY_UISupportedInterfaceOrientations_iPad = "UIInterfaceOrientationPortrait UIInterfaceOrientationPortraitUpsideDown UIInterfaceOrientationLandscapeLeft UIInterfaceOrientationLandscapeRight";
				INFOPLIST_KEY_UISupportedInterfaceOrientations_iPhone = "UIInterfaceOrientationPortrait UIInterfaceOrientationLandscapeLeft UIInterfaceOrientationLandscapeRight";
				LD_RUNPATH_SEARCH_PATHS = (
					"$(inherited)",
					"@executable_path/Frameworks",
				);
				MARKETING_VERSION = 1.0;
				PRODUCT_BUNDLE_IDENTIFIER = "Alexey-Kemezhuk.Photo-Library";
				PRODUCT_NAME = "$(TARGET_NAME)";
				SWIFT_EMIT_LOC_STRINGS = YES;
				SWIFT_VERSION = 5.0;
				TARGETED_DEVICE_FAMILY = "1,2";
			};
			name = Debug;
		};
		166F359429C59F2200409CB6 /* Release */ = {
			isa = XCBuildConfiguration;
			buildSettings = {
				ASSETCATALOG_COMPILER_APPICON_NAME = AppIcon;
				ASSETCATALOG_COMPILER_GLOBAL_ACCENT_COLOR_NAME = AccentColor;
				CODE_SIGN_STYLE = Automatic;
				CURRENT_PROJECT_VERSION = 1;
				DEVELOPMENT_TEAM = Z4A5Z3Q6BD;
				GENERATE_INFOPLIST_FILE = YES;
				INFOPLIST_FILE = "Photo Library/App/Info.plist";
				INFOPLIST_KEY_UIApplicationSupportsIndirectInputEvents = YES;
				INFOPLIST_KEY_UILaunchStoryboardName = LaunchScreen;
				INFOPLIST_KEY_UISupportedInterfaceOrientations_iPad = "UIInterfaceOrientationPortrait UIInterfaceOrientationPortraitUpsideDown UIInterfaceOrientationLandscapeLeft UIInterfaceOrientationLandscapeRight";
				INFOPLIST_KEY_UISupportedInterfaceOrientations_iPhone = "UIInterfaceOrientationPortrait UIInterfaceOrientationLandscapeLeft UIInterfaceOrientationLandscapeRight";
				LD_RUNPATH_SEARCH_PATHS = (
					"$(inherited)",
					"@executable_path/Frameworks",
				);
				MARKETING_VERSION = 1.0;
				PRODUCT_BUNDLE_IDENTIFIER = "Alexey-Kemezhuk.Photo-Library";
				PRODUCT_NAME = "$(TARGET_NAME)";
				SWIFT_EMIT_LOC_STRINGS = YES;
				SWIFT_VERSION = 5.0;
				TARGETED_DEVICE_FAMILY = "1,2";
			};
			name = Release;
		};
		166F359629C59F2200409CB6 /* Debug */ = {
			isa = XCBuildConfiguration;
			buildSettings = {
				BUNDLE_LOADER = "$(TEST_HOST)";
				CODE_SIGN_STYLE = Automatic;
				CURRENT_PROJECT_VERSION = 1;
				GENERATE_INFOPLIST_FILE = YES;
				IPHONEOS_DEPLOYMENT_TARGET = 16.2;
				MARKETING_VERSION = 1.0;
				PRODUCT_BUNDLE_IDENTIFIER = "Alexey-Kemezhuk.Photo-LibraryTests";
				PRODUCT_NAME = "$(TARGET_NAME)";
				SWIFT_EMIT_LOC_STRINGS = NO;
				SWIFT_VERSION = 5.0;
				TARGETED_DEVICE_FAMILY = "1,2";
				TEST_HOST = "$(BUILT_PRODUCTS_DIR)/Photo Library.app/$(BUNDLE_EXECUTABLE_FOLDER_PATH)/Photo Library";
			};
			name = Debug;
		};
		166F359729C59F2200409CB6 /* Release */ = {
			isa = XCBuildConfiguration;
			buildSettings = {
				BUNDLE_LOADER = "$(TEST_HOST)";
				CODE_SIGN_STYLE = Automatic;
				CURRENT_PROJECT_VERSION = 1;
				GENERATE_INFOPLIST_FILE = YES;
				IPHONEOS_DEPLOYMENT_TARGET = 16.2;
				MARKETING_VERSION = 1.0;
				PRODUCT_BUNDLE_IDENTIFIER = "Alexey-Kemezhuk.Photo-LibraryTests";
				PRODUCT_NAME = "$(TARGET_NAME)";
				SWIFT_EMIT_LOC_STRINGS = NO;
				SWIFT_VERSION = 5.0;
				TARGETED_DEVICE_FAMILY = "1,2";
				TEST_HOST = "$(BUILT_PRODUCTS_DIR)/Photo Library.app/$(BUNDLE_EXECUTABLE_FOLDER_PATH)/Photo Library";
			};
			name = Release;
		};
		166F359929C59F2200409CB6 /* Debug */ = {
			isa = XCBuildConfiguration;
			buildSettings = {
				CODE_SIGN_STYLE = Automatic;
				CURRENT_PROJECT_VERSION = 1;
				GENERATE_INFOPLIST_FILE = YES;
				MARKETING_VERSION = 1.0;
				PRODUCT_BUNDLE_IDENTIFIER = "Alexey-Kemezhuk.Photo-LibraryUITests";
				PRODUCT_NAME = "$(TARGET_NAME)";
				SWIFT_EMIT_LOC_STRINGS = NO;
				SWIFT_VERSION = 5.0;
				TARGETED_DEVICE_FAMILY = "1,2";
				TEST_TARGET_NAME = "Photo Library";
			};
			name = Debug;
		};
		166F359A29C59F2200409CB6 /* Release */ = {
			isa = XCBuildConfiguration;
			buildSettings = {
				CODE_SIGN_STYLE = Automatic;
				CURRENT_PROJECT_VERSION = 1;
				GENERATE_INFOPLIST_FILE = YES;
				MARKETING_VERSION = 1.0;
				PRODUCT_BUNDLE_IDENTIFIER = "Alexey-Kemezhuk.Photo-LibraryUITests";
				PRODUCT_NAME = "$(TARGET_NAME)";
				SWIFT_EMIT_LOC_STRINGS = NO;
				SWIFT_VERSION = 5.0;
				TARGETED_DEVICE_FAMILY = "1,2";
				TEST_TARGET_NAME = "Photo Library";
			};
			name = Release;
		};
/* End XCBuildConfiguration section */

/* Begin XCConfigurationList section */
		166F356329C59F2000409CB6 /* Build configuration list for PBXProject "Photo Library" */ = {
			isa = XCConfigurationList;
			buildConfigurations = (
				166F359029C59F2200409CB6 /* Debug */,
				166F359129C59F2200409CB6 /* Release */,
			);
			defaultConfigurationIsVisible = 0;
			defaultConfigurationName = Release;
		};
		166F359229C59F2200409CB6 /* Build configuration list for PBXNativeTarget "Photo Library" */ = {
			isa = XCConfigurationList;
			buildConfigurations = (
				166F359329C59F2200409CB6 /* Debug */,
				166F359429C59F2200409CB6 /* Release */,
			);
			defaultConfigurationIsVisible = 0;
			defaultConfigurationName = Release;
		};
		166F359529C59F2200409CB6 /* Build configuration list for PBXNativeTarget "Photo LibraryTests" */ = {
			isa = XCConfigurationList;
			buildConfigurations = (
				166F359629C59F2200409CB6 /* Debug */,
				166F359729C59F2200409CB6 /* Release */,
			);
			defaultConfigurationIsVisible = 0;
			defaultConfigurationName = Release;
		};
		166F359829C59F2200409CB6 /* Build configuration list for PBXNativeTarget "Photo LibraryUITests" */ = {
			isa = XCConfigurationList;
			buildConfigurations = (
				166F359929C59F2200409CB6 /* Debug */,
				166F359A29C59F2200409CB6 /* Release */,
			);
			defaultConfigurationIsVisible = 0;
			defaultConfigurationName = Release;
		};
/* End XCConfigurationList section */

/* Begin XCRemoteSwiftPackageReference section */
		D1217E342E4897DC00B5B0FF /* XCRemoteSwiftPackageReference "SnapKit" */ = {
			isa = XCRemoteSwiftPackageReference;
			repositoryURL = "https://github.com/SnapKit/SnapKit.git";
			requirement = {
				kind = upToNextMajorVersion;
				minimumVersion = 5.7.1;
			};
		};
		D14D142E2E40A7E700DAF31B /* XCRemoteSwiftPackageReference "keychain-swift" */ = {
			isa = XCRemoteSwiftPackageReference;
			repositoryURL = "https://github.com/evgenyneu/keychain-swift.git";
			requirement = {
				kind = upToNextMajorVersion;
				minimumVersion = 24.0.0;
			};
		};
/* End XCRemoteSwiftPackageReference section */

/* Begin XCSwiftPackageProductDependency section */
		D1217E352E4897DC00B5B0FF /* SnapKit */ = {
			isa = XCSwiftPackageProductDependency;
			package = D1217E342E4897DC00B5B0FF /* XCRemoteSwiftPackageReference "SnapKit" */;
			productName = SnapKit;
		};
		D14D142F2E40A7E700DAF31B /* KeychainSwift */ = {
			isa = XCSwiftPackageProductDependency;
			package = D14D142E2E40A7E700DAF31B /* XCRemoteSwiftPackageReference "keychain-swift" */;
			productName = KeychainSwift;
		};
/* End XCSwiftPackageProductDependency section */
	};
	rootObject = 166F356029C59F2000409CB6 /* Project object */;
}
